// !$*UTF8*$!
{
	archiveVersion = 1;
	classes = {
	};
	objectVersion = 56;
	objects = {

/* Begin PBXBuildFile section */
		F031FE6D2A669F5100A5CD61 /* MarsCaseApp.swift in Sources */ = {isa = PBXBuildFile; fileRef = F031FE6C2A669F5100A5CD61 /* MarsCaseApp.swift */; };
		F031FE712A669F5100A5CD61 /* Assets.xcassets in Resources */ = {isa = PBXBuildFile; fileRef = F031FE702A669F5100A5CD61 /* Assets.xcassets */; };
		F031FE742A669F5100A5CD61 /* Preview Assets.xcassets in Resources */ = {isa = PBXBuildFile; fileRef = F031FE732A669F5100A5CD61 /* Preview Assets.xcassets */; };
		F031FE792A669F5100A5CD61 /* MarsCase.xcdatamodeld in Sources */ = {isa = PBXBuildFile; fileRef = F031FE772A669F5100A5CD61 /* MarsCase.xcdatamodeld */; };
		F031FE862A66A06600A5CD61 /* MainView.swift in Sources */ = {isa = PBXBuildFile; fileRef = F031FE852A66A06600A5CD61 /* MainView.swift */; };
		F031FE882A66A0AC00A5CD61 /* PastView.swift in Sources */ = {isa = PBXBuildFile; fileRef = F031FE872A66A0AC00A5CD61 /* PastView.swift */; };
		F031FE8B2A66A0BC00A5CD61 /* TabBar.swift in Sources */ = {isa = PBXBuildFile; fileRef = F031FE8A2A66A0BC00A5CD61 /* TabBar.swift */; };
		F031FE8E2A66A3DC00A5CD61 /* CurrentAmountView.swift in Sources */ = {isa = PBXBuildFile; fileRef = F031FE8D2A66A3DC00A5CD61 /* CurrentAmountView.swift */; };
		F031FE902A66ABFF00A5CD61 /* CurrencyList.swift in Sources */ = {isa = PBXBuildFile; fileRef = F031FE8F2A66ABFF00A5CD61 /* CurrencyList.swift */; };
		F031FE932A66AC2500A5CD61 /* Currency.swift in Sources */ = {isa = PBXBuildFile; fileRef = F031FE922A66AC2500A5CD61 /* Currency.swift */; };
		F031FE992A66E37A00A5CD61 /* PopupView in Frameworks */ = {isa = PBXBuildFile; productRef = F031FE982A66E37A00A5CD61 /* PopupView */; };
		F031FE9B2A66E78D00A5CD61 /* PopupView.swift in Sources */ = {isa = PBXBuildFile; fileRef = F031FE9A2A66E78D00A5CD61 /* PopupView.swift */; };
		F031FE9F2A66E9DA00A5CD61 /* CornerImage.swift in Sources */ = {isa = PBXBuildFile; fileRef = F031FE9E2A66E9DA00A5CD61 /* CornerImage.swift */; };
		F031FEA22A66EC7700A5CD61 /* Constant.swift in Sources */ = {isa = PBXBuildFile; fileRef = F031FEA12A66EC7700A5CD61 /* Constant.swift */; };
		F071A9F32A68008200139136 /* MainViewModel.swift in Sources */ = {isa = PBXBuildFile; fileRef = F071A9F22A68008200139136 /* MainViewModel.swift */; };
		F071A9F52A68038900139136 /* Double + Extension.swift in Sources */ = {isa = PBXBuildFile; fileRef = F071A9F42A68038900139136 /* Double + Extension.swift */; };
		F071A9F82A6803D600139136 /* UIApplication + Extension.swift in Sources */ = {isa = PBXBuildFile; fileRef = F071A9F72A6803D600139136 /* UIApplication + Extension.swift */; };
		F071A9FA2A6805EB00139136 /* Method.swift in Sources */ = {isa = PBXBuildFile; fileRef = F071A9F92A6805EB00139136 /* Method.swift */; };
		F071A9FC2A68060C00139136 /* Route.swift in Sources */ = {isa = PBXBuildFile; fileRef = F071A9FB2A68060C00139136 /* Route.swift */; };
		F071AA012A680DF800139136 /* NetworkManager.swift in Sources */ = {isa = PBXBuildFile; fileRef = F071AA002A680DF800139136 /* NetworkManager.swift */; };
		F071AA032A680E5900139136 /* Error.swift in Sources */ = {isa = PBXBuildFile; fileRef = F071AA022A680E5900139136 /* Error.swift */; };
		F071AA052A68109200139136 /* String + Extension.swift in Sources */ = {isa = PBXBuildFile; fileRef = F071AA042A68109200139136 /* String + Extension.swift */; };
		F071AA072A68110C00139136 /* ApiResponse.swift in Sources */ = {isa = PBXBuildFile; fileRef = F071AA062A68110C00139136 /* ApiResponse.swift */; };
		F071AA092A6860C600139136 /* Date + Extension.swift in Sources */ = {isa = PBXBuildFile; fileRef = F071AA082A6860C600139136 /* Date + Extension.swift */; };
		F071AA0B2A68856100139136 /* EmptyView.swift in Sources */ = {isa = PBXBuildFile; fileRef = F071AA0A2A68856100139136 /* EmptyView.swift */; };
		F09EE6142A693AD5001CC1CA /* Realm in Frameworks */ = {isa = PBXBuildFile; productRef = F09EE6132A693AD5001CC1CA /* Realm */; };
		F09EE6162A693AD5001CC1CA /* RealmSwift in Frameworks */ = {isa = PBXBuildFile; productRef = F09EE6152A693AD5001CC1CA /* RealmSwift */; };
		F09EE6182A693C1E001CC1CA /* SavedCurrency.swift in Sources */ = {isa = PBXBuildFile; fileRef = F09EE6172A693C1E001CC1CA /* SavedCurrency.swift */; };
		F09EE61A2A693D33001CC1CA /* RealmManager.swift in Sources */ = {isa = PBXBuildFile; fileRef = F09EE6192A693D33001CC1CA /* RealmManager.swift */; };
		F09EE6212A69466A001CC1CA /* SavedCurrencyListView.swift in Sources */ = {isa = PBXBuildFile; fileRef = F09EE6202A69466A001CC1CA /* SavedCurrencyListView.swift */; };
		F09EE6262A697A58001CC1CA /* ScaleText.swift in Sources */ = {isa = PBXBuildFile; fileRef = F09EE6252A697A58001CC1CA /* ScaleText.swift */; };
		F09EE62A2A697E93001CC1CA /* PopUpViewModel.swift in Sources */ = {isa = PBXBuildFile; fileRef = F09EE6292A697E93001CC1CA /* PopUpViewModel.swift */; };
/* End PBXBuildFile section */

/* Begin PBXFileReference section */
		F031FE692A669F5100A5CD61 /* MarsCase.app */ = {isa = PBXFileReference; explicitFileType = wrapper.application; includeInIndex = 0; path = MarsCase.app; sourceTree = BUILT_PRODUCTS_DIR; };
		F031FE6C2A669F5100A5CD61 /* MarsCaseApp.swift */ = {isa = PBXFileReference; lastKnownFileType = sourcecode.swift; path = MarsCaseApp.swift; sourceTree = "<group>"; };
		F031FE702A669F5100A5CD61 /* Assets.xcassets */ = {isa = PBXFileReference; lastKnownFileType = folder.assetcatalog; path = Assets.xcassets; sourceTree = "<group>"; };
		F031FE732A669F5100A5CD61 /* Preview Assets.xcassets */ = {isa = PBXFileReference; lastKnownFileType = folder.assetcatalog; path = "Preview Assets.xcassets"; sourceTree = "<group>"; };
		F031FE782A669F5100A5CD61 /* MarsCase.xcdatamodel */ = {isa = PBXFileReference; lastKnownFileType = wrapper.xcdatamodel; path = MarsCase.xcdatamodel; sourceTree = "<group>"; };
		F031FE7A2A669F5100A5CD61 /* Info.plist */ = {isa = PBXFileReference; lastKnownFileType = text.plist.xml; path = Info.plist; sourceTree = "<group>"; };
		F031FE852A66A06600A5CD61 /* MainView.swift */ = {isa = PBXFileReference; lastKnownFileType = sourcecode.swift; path = MainView.swift; sourceTree = "<group>"; };
		F031FE872A66A0AC00A5CD61 /* PastView.swift */ = {isa = PBXFileReference; lastKnownFileType = sourcecode.swift; path = PastView.swift; sourceTree = "<group>"; };
		F031FE8A2A66A0BC00A5CD61 /* TabBar.swift */ = {isa = PBXFileReference; lastKnownFileType = sourcecode.swift; path = TabBar.swift; sourceTree = "<group>"; };
		F031FE8D2A66A3DC00A5CD61 /* CurrentAmountView.swift */ = {isa = PBXFileReference; lastKnownFileType = sourcecode.swift; path = CurrentAmountView.swift; sourceTree = "<group>"; };
		F031FE8F2A66ABFF00A5CD61 /* CurrencyList.swift */ = {isa = PBXFileReference; lastKnownFileType = sourcecode.swift; path = CurrencyList.swift; sourceTree = "<group>"; };
		F031FE922A66AC2500A5CD61 /* Currency.swift */ = {isa = PBXFileReference; lastKnownFileType = sourcecode.swift; path = Currency.swift; sourceTree = "<group>"; };
		F031FE9A2A66E78D00A5CD61 /* PopupView.swift */ = {isa = PBXFileReference; lastKnownFileType = sourcecode.swift; path = PopupView.swift; sourceTree = "<group>"; };
		F031FE9E2A66E9DA00A5CD61 /* CornerImage.swift */ = {isa = PBXFileReference; lastKnownFileType = sourcecode.swift; path = CornerImage.swift; sourceTree = "<group>"; };
		F031FEA12A66EC7700A5CD61 /* Constant.swift */ = {isa = PBXFileReference; lastKnownFileType = sourcecode.swift; path = Constant.swift; sourceTree = "<group>"; };
		F071A9F22A68008200139136 /* MainViewModel.swift */ = {isa = PBXFileReference; lastKnownFileType = sourcecode.swift; path = MainViewModel.swift; sourceTree = "<group>"; };
		F071A9F42A68038900139136 /* Double + Extension.swift */ = {isa = PBXFileReference; lastKnownFileType = sourcecode.swift; path = "Double + Extension.swift"; sourceTree = "<group>"; };
		F071A9F72A6803D600139136 /* UIApplication + Extension.swift */ = {isa = PBXFileReference; lastKnownFileType = sourcecode.swift; path = "UIApplication + Extension.swift"; sourceTree = "<group>"; };
		F071A9F92A6805EB00139136 /* Method.swift */ = {isa = PBXFileReference; lastKnownFileType = sourcecode.swift; path = Method.swift; sourceTree = "<group>"; };
		F071A9FB2A68060C00139136 /* Route.swift */ = {isa = PBXFileReference; lastKnownFileType = sourcecode.swift; path = Route.swift; sourceTree = "<group>"; };
		F071AA002A680DF800139136 /* NetworkManager.swift */ = {isa = PBXFileReference; lastKnownFileType = sourcecode.swift; path = NetworkManager.swift; sourceTree = "<group>"; };
		F071AA022A680E5900139136 /* Error.swift */ = {isa = PBXFileReference; lastKnownFileType = sourcecode.swift; path = Error.swift; sourceTree = "<group>"; };
		F071AA042A68109200139136 /* String + Extension.swift */ = {isa = PBXFileReference; lastKnownFileType = sourcecode.swift; path = "String + Extension.swift"; sourceTree = "<group>"; };
		F071AA062A68110C00139136 /* ApiResponse.swift */ = {isa = PBXFileReference; lastKnownFileType = sourcecode.swift; path = ApiResponse.swift; sourceTree = "<group>"; };
		F071AA082A6860C600139136 /* Date + Extension.swift */ = {isa = PBXFileReference; lastKnownFileType = sourcecode.swift; path = "Date + Extension.swift"; sourceTree = "<group>"; };
		F071AA0A2A68856100139136 /* EmptyView.swift */ = {isa = PBXFileReference; lastKnownFileType = sourcecode.swift; path = EmptyView.swift; sourceTree = "<group>"; };
		F09EE6172A693C1E001CC1CA /* SavedCurrency.swift */ = {isa = PBXFileReference; lastKnownFileType = sourcecode.swift; path = SavedCurrency.swift; sourceTree = "<group>"; };
		F09EE6192A693D33001CC1CA /* RealmManager.swift */ = {isa = PBXFileReference; lastKnownFileType = sourcecode.swift; path = RealmManager.swift; sourceTree = "<group>"; };
		F09EE6202A69466A001CC1CA /* SavedCurrencyListView.swift */ = {isa = PBXFileReference; lastKnownFileType = sourcecode.swift; path = SavedCurrencyListView.swift; sourceTree = "<group>"; };
		F09EE6252A697A58001CC1CA /* ScaleText.swift */ = {isa = PBXFileReference; lastKnownFileType = sourcecode.swift; path = ScaleText.swift; sourceTree = "<group>"; };
		F09EE6292A697E93001CC1CA /* PopUpViewModel.swift */ = {isa = PBXFileReference; lastKnownFileType = sourcecode.swift; path = PopUpViewModel.swift; sourceTree = "<group>"; };
/* End PBXFileReference section */

/* Begin PBXFrameworksBuildPhase section */
		F031FE662A669F5100A5CD61 /* Frameworks */ = {
			isa = PBXFrameworksBuildPhase;
			buildActionMask = 2147483647;
			files = (
				F09EE6162A693AD5001CC1CA /* RealmSwift in Frameworks */,
				F09EE6142A693AD5001CC1CA /* Realm in Frameworks */,
				F031FE992A66E37A00A5CD61 /* PopupView in Frameworks */,
			);
			runOnlyForDeploymentPostprocessing = 0;
		};
/* End PBXFrameworksBuildPhase section */

/* Begin PBXGroup section */
		F031FE602A669F5000A5CD61 = {
			isa = PBXGroup;
			children = (
				F031FE6B2A669F5100A5CD61 /* MarsCase */,
				F031FE6A2A669F5100A5CD61 /* Products */,
			);
			sourceTree = "<group>";
		};
		F031FE6A2A669F5100A5CD61 /* Products */ = {
			isa = PBXGroup;
			children = (
				F031FE692A669F5100A5CD61 /* MarsCase.app */,
			);
			name = Products;
			sourceTree = "<group>";
		};
		F031FE6B2A669F5100A5CD61 /* MarsCase */ = {
			isa = PBXGroup;
			children = (
				F071A9FF2A680DE900139136 /* Manager */,
				F031FEA02A66EC6C00A5CD61 /* Helper */,
				F031FE942A66E07500A5CD61 /* Extension */,
				F031FE912A66AC1300A5CD61 /* Model */,
				F031FE8C2A66A3A800A5CD61 /* CustomViews */,
				F031FE812A669FAE00A5CD61 /* Screens */,
				F031FE6C2A669F5100A5CD61 /* MarsCaseApp.swift */,
				F031FE702A669F5100A5CD61 /* Assets.xcassets */,
				F031FE7A2A669F5100A5CD61 /* Info.plist */,
				F031FE772A669F5100A5CD61 /* MarsCase.xcdatamodeld */,
				F031FE722A669F5100A5CD61 /* Preview Content */,
			);
			path = MarsCase;
			sourceTree = "<group>";
		};
		F031FE722A669F5100A5CD61 /* Preview Content */ = {
			isa = PBXGroup;
			children = (
				F031FE732A669F5100A5CD61 /* Preview Assets.xcassets */,
			);
			path = "Preview Content";
			sourceTree = "<group>";
		};
		F031FE812A669FAE00A5CD61 /* Screens */ = {
			isa = PBXGroup;
			children = (
				F09EE6282A697E30001CC1CA /* TabBar */,
				F09EE6272A697E28001CC1CA /* Popup */,
				F09EE6242A6968F3001CC1CA /* Past */,
				F071A9F12A68007700139136 /* Main */,
			);
			path = Screens;
			sourceTree = "<group>";
		};
		F031FE8C2A66A3A800A5CD61 /* CustomViews */ = {
			isa = PBXGroup;
			children = (
				F031FE8D2A66A3DC00A5CD61 /* CurrentAmountView.swift */,
				F031FE8F2A66ABFF00A5CD61 /* CurrencyList.swift */,
				F031FE9E2A66E9DA00A5CD61 /* CornerImage.swift */,
				F071AA0A2A68856100139136 /* EmptyView.swift */,
				F09EE6202A69466A001CC1CA /* SavedCurrencyListView.swift */,
				F09EE6252A697A58001CC1CA /* ScaleText.swift */,
			);
			path = CustomViews;
			sourceTree = "<group>";
		};
		F031FE912A66AC1300A5CD61 /* Model */ = {
			isa = PBXGroup;
			children = (
				F09EE61B2A6941A8001CC1CA /* Realm */,
				F031FE922A66AC2500A5CD61 /* Currency.swift */,
				F071AA062A68110C00139136 /* ApiResponse.swift */,
			);
			path = Model;
			sourceTree = "<group>";
		};
		F031FE942A66E07500A5CD61 /* Extension */ = {
			isa = PBXGroup;
			children = (
				F071A9F42A68038900139136 /* Double + Extension.swift */,
				F071A9F72A6803D600139136 /* UIApplication + Extension.swift */,
				F071AA042A68109200139136 /* String + Extension.swift */,
				F071AA082A6860C600139136 /* Date + Extension.swift */,
			);
			path = Extension;
			sourceTree = "<group>";
		};
		F031FEA02A66EC6C00A5CD61 /* Helper */ = {
			isa = PBXGroup;
			children = (
				F031FEA12A66EC7700A5CD61 /* Constant.swift */,
				F071A9F92A6805EB00139136 /* Method.swift */,
				F071A9FB2A68060C00139136 /* Route.swift */,
				F071AA022A680E5900139136 /* Error.swift */,
			);
			path = Helper;
			sourceTree = "<group>";
		};
		F071A9F12A68007700139136 /* Main */ = {
			isa = PBXGroup;
			children = (
				F031FE852A66A06600A5CD61 /* MainView.swift */,
				F071A9F22A68008200139136 /* MainViewModel.swift */,
			);
			path = Main;
			sourceTree = "<group>";
		};
		F071A9FF2A680DE900139136 /* Manager */ = {
			isa = PBXGroup;
			children = (
				F071AA002A680DF800139136 /* NetworkManager.swift */,
				F09EE6192A693D33001CC1CA /* RealmManager.swift */,
			);
			path = Manager;
			sourceTree = "<group>";
		};
		F09EE61B2A6941A8001CC1CA /* Realm */ = {
			isa = PBXGroup;
			children = (
				F09EE6172A693C1E001CC1CA /* SavedCurrency.swift */,
			);
			path = Realm;
			sourceTree = "<group>";
		};
		F09EE6242A6968F3001CC1CA /* Past */ = {
			isa = PBXGroup;
			children = (
				F031FE872A66A0AC00A5CD61 /* PastView.swift */,
			);
			path = Past;
			sourceTree = "<group>";
		};
		F09EE6272A697E28001CC1CA /* Popup */ = {
			isa = PBXGroup;
			children = (
				F031FE9A2A66E78D00A5CD61 /* PopupView.swift */,
				F09EE6292A697E93001CC1CA /* PopUpViewModel.swift */,
			);
			path = Popup;
			sourceTree = "<group>";
		};
		F09EE6282A697E30001CC1CA /* TabBar */ = {
			isa = PBXGroup;
			children = (
				F031FE8A2A66A0BC00A5CD61 /* TabBar.swift */,
			);
			path = TabBar;
			sourceTree = "<group>";
		};
/* End PBXGroup section */

/* Begin PBXNativeTarget section */
		F031FE682A669F5100A5CD61 /* MarsCase */ = {
			isa = PBXNativeTarget;
			buildConfigurationList = F031FE7D2A669F5100A5CD61 /* Build configuration list for PBXNativeTarget "MarsCase" */;
			buildPhases = (
				F031FE652A669F5100A5CD61 /* Sources */,
				F031FE662A669F5100A5CD61 /* Frameworks */,
				F031FE672A669F5100A5CD61 /* Resources */,
			);
			buildRules = (
			);
			dependencies = (
			);
			name = MarsCase;
			packageProductDependencies = (
				F031FE982A66E37A00A5CD61 /* PopupView */,
				F09EE6132A693AD5001CC1CA /* Realm */,
				F09EE6152A693AD5001CC1CA /* RealmSwift */,
			);
			productName = MarsCase;
			productReference = F031FE692A669F5100A5CD61 /* MarsCase.app */;
			productType = "com.apple.product-type.application";
		};
/* End PBXNativeTarget section */

/* Begin PBXProject section */
		F031FE612A669F5000A5CD61 /* Project object */ = {
			isa = PBXProject;
			attributes = {
				BuildIndependentTargetsInParallel = 1;
				LastSwiftUpdateCheck = 1420;
				LastUpgradeCheck = 1420;
				TargetAttributes = {
					F031FE682A669F5100A5CD61 = {
						CreatedOnToolsVersion = 14.2;
					};
				};
			};
			buildConfigurationList = F031FE642A669F5000A5CD61 /* Build configuration list for PBXProject "MarsCase" */;
			compatibilityVersion = "Xcode 14.0";
			developmentRegion = en;
			hasScannedForEncodings = 0;
			knownRegions = (
				en,
				Base,
			);
			mainGroup = F031FE602A669F5000A5CD61;
			packageReferences = (
				F031FE972A66E37A00A5CD61 /* XCRemoteSwiftPackageReference "PopupView" */,
				F09EE6122A693AD5001CC1CA /* XCRemoteSwiftPackageReference "realm-swift" */,
			);
			productRefGroup = F031FE6A2A669F5100A5CD61 /* Products */;
			projectDirPath = "";
			projectRoot = "";
			targets = (
				F031FE682A669F5100A5CD61 /* MarsCase */,
			);
		};
/* End PBXProject section */

/* Begin PBXResourcesBuildPhase section */
		F031FE672A669F5100A5CD61 /* Resources */ = {
			isa = PBXResourcesBuildPhase;
			buildActionMask = 2147483647;
			files = (
				F031FE742A669F5100A5CD61 /* Preview Assets.xcassets in Resources */,
				F031FE712A669F5100A5CD61 /* Assets.xcassets in Resources */,
			);
			runOnlyForDeploymentPostprocessing = 0;
		};
/* End PBXResourcesBuildPhase section */

/* Begin PBXSourcesBuildPhase section */
		F031FE652A669F5100A5CD61 /* Sources */ = {
			isa = PBXSourcesBuildPhase;
			buildActionMask = 2147483647;
			files = (
				F071AA012A680DF800139136 /* NetworkManager.swift in Sources */,
				F031FE9B2A66E78D00A5CD61 /* PopupView.swift in Sources */,
				F071AA052A68109200139136 /* String + Extension.swift in Sources */,
				F031FE902A66ABFF00A5CD61 /* CurrencyList.swift in Sources */,
				F071AA0B2A68856100139136 /* EmptyView.swift in Sources */,
				F031FE792A669F5100A5CD61 /* MarsCase.xcdatamodeld in Sources */,
				F09EE62A2A697E93001CC1CA /* PopUpViewModel.swift in Sources */,
				F071A9F82A6803D600139136 /* UIApplication + Extension.swift in Sources */,
				F031FE9F2A66E9DA00A5CD61 /* CornerImage.swift in Sources */,
				F031FE882A66A0AC00A5CD61 /* PastView.swift in Sources */,
				F09EE6182A693C1E001CC1CA /* SavedCurrency.swift in Sources */,
				F071AA032A680E5900139136 /* Error.swift in Sources */,
				F071AA072A68110C00139136 /* ApiResponse.swift in Sources */,
				F071A9F32A68008200139136 /* MainViewModel.swift in Sources */,
				F071A9FC2A68060C00139136 /* Route.swift in Sources */,
				F031FE8E2A66A3DC00A5CD61 /* CurrentAmountView.swift in Sources */,
				F031FE932A66AC2500A5CD61 /* Currency.swift in Sources */,
				F071A9F52A68038900139136 /* Double + Extension.swift in Sources */,
				F09EE6262A697A58001CC1CA /* ScaleText.swift in Sources */,
				F031FEA22A66EC7700A5CD61 /* Constant.swift in Sources */,
				F071AA092A6860C600139136 /* Date + Extension.swift in Sources */,
				F031FE862A66A06600A5CD61 /* MainView.swift in Sources */,
				F09EE61A2A693D33001CC1CA /* RealmManager.swift in Sources */,
				F071A9FA2A6805EB00139136 /* Method.swift in Sources */,
				F031FE6D2A669F5100A5CD61 /* MarsCaseApp.swift in Sources */,
				F031FE8B2A66A0BC00A5CD61 /* TabBar.swift in Sources */,
				F09EE6212A69466A001CC1CA /* SavedCurrencyListView.swift in Sources */,
			);
			runOnlyForDeploymentPostprocessing = 0;
		};
/* End PBXSourcesBuildPhase section */

/* Begin XCBuildConfiguration section */
		F031FE7B2A669F5100A5CD61 /* Debug */ = {
			isa = XCBuildConfiguration;
			buildSettings = {
				ALWAYS_SEARCH_USER_PATHS = NO;
				CLANG_ANALYZER_NONNULL = YES;
				CLANG_ANALYZER_NUMBER_OBJECT_CONVERSION = YES_AGGRESSIVE;
				CLANG_CXX_LANGUAGE_STANDARD = "gnu++20";
				CLANG_ENABLE_MODULES = YES;
				CLANG_ENABLE_OBJC_ARC = YES;
				CLANG_ENABLE_OBJC_WEAK = YES;
				CLANG_WARN_BLOCK_CAPTURE_AUTORELEASING = YES;
				CLANG_WARN_BOOL_CONVERSION = YES;
				CLANG_WARN_COMMA = YES;
				CLANG_WARN_CONSTANT_CONVERSION = YES;
				CLANG_WARN_DEPRECATED_OBJC_IMPLEMENTATIONS = YES;
				CLANG_WARN_DIRECT_OBJC_ISA_USAGE = YES_ERROR;
				CLANG_WARN_DOCUMENTATION_COMMENTS = YES;
				CLANG_WARN_EMPTY_BODY = YES;
				CLANG_WARN_ENUM_CONVERSION = YES;
				CLANG_WARN_INFINITE_RECURSION = YES;
				CLANG_WARN_INT_CONVERSION = YES;
				CLANG_WARN_NON_LITERAL_NULL_CONVERSION = YES;
				CLANG_WARN_OBJC_IMPLICIT_RETAIN_SELF = YES;
				CLANG_WARN_OBJC_LITERAL_CONVERSION = YES;
				CLANG_WARN_OBJC_ROOT_CLASS = YES_ERROR;
				CLANG_WARN_QUOTED_INCLUDE_IN_FRAMEWORK_HEADER = YES;
				CLANG_WARN_RANGE_LOOP_ANALYSIS = YES;
				CLANG_WARN_STRICT_PROTOTYPES = YES;
				CLANG_WARN_SUSPICIOUS_MOVE = YES;
				CLANG_WARN_UNGUARDED_AVAILABILITY = YES_AGGRESSIVE;
				CLANG_WARN_UNREACHABLE_CODE = YES;
				CLANG_WARN__DUPLICATE_METHOD_MATCH = YES;
				COPY_PHASE_STRIP = NO;
				DEBUG_INFORMATION_FORMAT = dwarf;
				ENABLE_STRICT_OBJC_MSGSEND = YES;
				ENABLE_TESTABILITY = YES;
				GCC_C_LANGUAGE_STANDARD = gnu11;
				GCC_DYNAMIC_NO_PIC = NO;
				GCC_NO_COMMON_BLOCKS = YES;
				GCC_OPTIMIZATION_LEVEL = 0;
				GCC_PREPROCESSOR_DEFINITIONS = (
					"DEBUG=1",
					"$(inherited)",
				);
				GCC_WARN_64_TO_32_BIT_CONVERSION = YES;
				GCC_WARN_ABOUT_RETURN_TYPE = YES_ERROR;
				GCC_WARN_UNDECLARED_SELECTOR = YES;
				GCC_WARN_UNINITIALIZED_AUTOS = YES_AGGRESSIVE;
				GCC_WARN_UNUSED_FUNCTION = YES;
				GCC_WARN_UNUSED_VARIABLE = YES;
				IPHONEOS_DEPLOYMENT_TARGET = 16.2;
				MTL_ENABLE_DEBUG_INFO = INCLUDE_SOURCE;
				MTL_FAST_MATH = YES;
				ONLY_ACTIVE_ARCH = YES;
				SDKROOT = iphoneos;
				SWIFT_ACTIVE_COMPILATION_CONDITIONS = DEBUG;
				SWIFT_OPTIMIZATION_LEVEL = "-Onone";
			};
			name = Debug;
		};
		F031FE7C2A669F5100A5CD61 /* Release */ = {
			isa = XCBuildConfiguration;
			buildSettings = {
				ALWAYS_SEARCH_USER_PATHS = NO;
				CLANG_ANALYZER_NONNULL = YES;
				CLANG_ANALYZER_NUMBER_OBJECT_CONVERSION = YES_AGGRESSIVE;
				CLANG_CXX_LANGUAGE_STANDARD = "gnu++20";
				CLANG_ENABLE_MODULES = YES;
				CLANG_ENABLE_OBJC_ARC = YES;
				CLANG_ENABLE_OBJC_WEAK = YES;
				CLANG_WARN_BLOCK_CAPTURE_AUTORELEASING = YES;
				CLANG_WARN_BOOL_CONVERSION = YES;
				CLANG_WARN_COMMA = YES;
				CLANG_WARN_CONSTANT_CONVERSION = YES;
				CLANG_WARN_DEPRECATED_OBJC_IMPLEMENTATIONS = YES;
				CLANG_WARN_DIRECT_OBJC_ISA_USAGE = YES_ERROR;
				CLANG_WARN_DOCUMENTATION_COMMENTS = YES;
				CLANG_WARN_EMPTY_BODY = YES;
				CLANG_WARN_ENUM_CONVERSION = YES;
				CLANG_WARN_INFINITE_RECURSION = YES;
				CLANG_WARN_INT_CONVERSION = YES;
				CLANG_WARN_NON_LITERAL_NULL_CONVERSION = YES;
				CLANG_WARN_OBJC_IMPLICIT_RETAIN_SELF = YES;
				CLANG_WARN_OBJC_LITERAL_CONVERSION = YES;
				CLANG_WARN_OBJC_ROOT_CLASS = YES_ERROR;
				CLANG_WARN_QUOTED_INCLUDE_IN_FRAMEWORK_HEADER = YES;
				CLANG_WARN_RANGE_LOOP_ANALYSIS = YES;
				CLANG_WARN_STRICT_PROTOTYPES = YES;
				CLANG_WARN_SUSPICIOUS_MOVE = YES;
				CLANG_WARN_UNGUARDED_AVAILABILITY = YES_AGGRESSIVE;
				CLANG_WARN_UNREACHABLE_CODE = YES;
				CLANG_WARN__DUPLICATE_METHOD_MATCH = YES;
				COPY_PHASE_STRIP = NO;
				DEBUG_INFORMATION_FORMAT = "dwarf-with-dsym";
				ENABLE_NS_ASSERTIONS = NO;
				ENABLE_STRICT_OBJC_MSGSEND = YES;
				GCC_C_LANGUAGE_STANDARD = gnu11;
				GCC_NO_COMMON_BLOCKS = YES;
				GCC_WARN_64_TO_32_BIT_CONVERSION = YES;
				GCC_WARN_ABOUT_RETURN_TYPE = YES_ERROR;
				GCC_WARN_UNDECLARED_SELECTOR = YES;
				GCC_WARN_UNINITIALIZED_AUTOS = YES_AGGRESSIVE;
				GCC_WARN_UNUSED_FUNCTION = YES;
				GCC_WARN_UNUSED_VARIABLE = YES;
				IPHONEOS_DEPLOYMENT_TARGET = 16.2;
				MTL_ENABLE_DEBUG_INFO = NO;
				MTL_FAST_MATH = YES;
				SDKROOT = iphoneos;
				SWIFT_COMPILATION_MODE = wholemodule;
				SWIFT_OPTIMIZATION_LEVEL = "-O";
				VALIDATE_PRODUCT = YES;
			};
			name = Release;
		};
		F031FE7E2A669F5100A5CD61 /* Debug */ = {
			isa = XCBuildConfiguration;
			buildSettings = {
				ASSETCATALOG_COMPILER_APPICON_NAME = AppIcon;
				ASSETCATALOG_COMPILER_GLOBAL_ACCENT_COLOR_NAME = AccentColor;
				CODE_SIGN_STYLE = Automatic;
				CURRENT_PROJECT_VERSION = 1;
				DEVELOPMENT_ASSET_PATHS = "\"MarsCase/Preview Content\"";
				DEVELOPMENT_TEAM = 7FLPT7M2FL;
				ENABLE_PREVIEWS = YES;
				GENERATE_INFOPLIST_FILE = YES;
				INFOPLIST_KEY_UIApplicationSceneManifest_Generation = YES;
				INFOPLIST_KEY_UIApplicationSupportsIndirectInputEvents = YES;
				INFOPLIST_KEY_UILaunchScreen_Generation = YES;
				INFOPLIST_KEY_UISupportedInterfaceOrientations_iPad = "UIInterfaceOrientationPortrait UIInterfaceOrientationPortraitUpsideDown UIInterfaceOrientationLandscapeLeft UIInterfaceOrientationLandscapeRight";
				INFOPLIST_KEY_UISupportedInterfaceOrientations_iPhone = "UIInterfaceOrientationPortrait UIInterfaceOrientationLandscapeLeft UIInterfaceOrientationLandscapeRight";
				IPHONEOS_DEPLOYMENT_TARGET = 16.2;
				LD_RUNPATH_SEARCH_PATHS = (
					"$(inherited)",
					"@executable_path/Frameworks",
				);
				MARKETING_VERSION = 1.0;
				PRODUCT_BUNDLE_IDENTIFIER = mehmetbilir.MarsCase;
				PRODUCT_NAME = "$(TARGET_NAME)";
				SWIFT_EMIT_LOC_STRINGS = YES;
				SWIFT_VERSION = 5.0;
				TARGETED_DEVICE_FAMILY = "1,2";
			};
			name = Debug;
		};
		F031FE7F2A669F5100A5CD61 /* Release */ = {
			isa = XCBuildConfiguration;
			buildSettings = {
				ASSETCATALOG_COMPILER_APPICON_NAME = AppIcon;
				ASSETCATALOG_COMPILER_GLOBAL_ACCENT_COLOR_NAME = AccentColor;
				CODE_SIGN_STYLE = Automatic;
				CURRENT_PROJECT_VERSION = 1;
				DEVELOPMENT_ASSET_PATHS = "\"MarsCase/Preview Content\"";
				DEVELOPMENT_TEAM = 7FLPT7M2FL;
				ENABLE_PREVIEWS = YES;
				GENERATE_INFOPLIST_FILE = YES;
				INFOPLIST_KEY_UIApplicationSceneManifest_Generation = YES;
				INFOPLIST_KEY_UIApplicationSupportsIndirectInputEvents = YES;
				INFOPLIST_KEY_UILaunchScreen_Generation = YES;
				INFOPLIST_KEY_UISupportedInterfaceOrientations_iPad = "UIInterfaceOrientationPortrait UIInterfaceOrientationPortraitUpsideDown UIInterfaceOrientationLandscapeLeft UIInterfaceOrientationLandscapeRight";
				INFOPLIST_KEY_UISupportedInterfaceOrientations_iPhone = "UIInterfaceOrientationPortrait UIInterfaceOrientationLandscapeLeft UIInterfaceOrientationLandscapeRight";
				IPHONEOS_DEPLOYMENT_TARGET = 16.2;
				LD_RUNPATH_SEARCH_PATHS = (
					"$(inherited)",
					"@executable_path/Frameworks",
				);
				MARKETING_VERSION = 1.0;
				PRODUCT_BUNDLE_IDENTIFIER = mehmetbilir.MarsCase;
				PRODUCT_NAME = "$(TARGET_NAME)";
				SWIFT_EMIT_LOC_STRINGS = YES;
				SWIFT_VERSION = 5.0;
				TARGETED_DEVICE_FAMILY = "1,2";
			};
			name = Release;
		};
/* End XCBuildConfiguration section */

/* Begin XCConfigurationList section */
		F031FE642A669F5000A5CD61 /* Build configuration list for PBXProject "MarsCase" */ = {
			isa = XCConfigurationList;
			buildConfigurations = (
				F031FE7B2A669F5100A5CD61 /* Debug */,
				F031FE7C2A669F5100A5CD61 /* Release */,
			);
			defaultConfigurationIsVisible = 0;
			defaultConfigurationName = Release;
		};
		F031FE7D2A669F5100A5CD61 /* Build configuration list for PBXNativeTarget "MarsCase" */ = {
			isa = XCConfigurationList;
			buildConfigurations = (
				F031FE7E2A669F5100A5CD61 /* Debug */,
				F031FE7F2A669F5100A5CD61 /* Release */,
			);
			defaultConfigurationIsVisible = 0;
			defaultConfigurationName = Release;
		};
/* End XCConfigurationList section */

/* Begin XCRemoteSwiftPackageReference section */
		F031FE972A66E37A00A5CD61 /* XCRemoteSwiftPackageReference "PopupView" */ = {
			isa = XCRemoteSwiftPackageReference;
			repositoryURL = "https://github.com/exyte/PopupView.git";
			requirement = {
				kind = upToNextMajorVersion;
				minimumVersion = 2.0.0;
			};
		};
		F09EE6122A693AD5001CC1CA /* XCRemoteSwiftPackageReference "realm-swift" */ = {
			isa = XCRemoteSwiftPackageReference;
			repositoryURL = "https://github.com/realm/realm-swift.git";
			requirement = {
				branch = master;
				kind = branch;
			};
		};
/* End XCRemoteSwiftPackageReference section */

/* Begin XCSwiftPackageProductDependency section */
		F031FE982A66E37A00A5CD61 /* PopupView */ = {
			isa = XCSwiftPackageProductDependency;
			package = F031FE972A66E37A00A5CD61 /* XCRemoteSwiftPackageReference "PopupView" */;
			productName = PopupView;
		};
		F09EE6132A693AD5001CC1CA /* Realm */ = {
			isa = XCSwiftPackageProductDependency;
			package = F09EE6122A693AD5001CC1CA /* XCRemoteSwiftPackageReference "realm-swift" */;
			productName = Realm;
		};
		F09EE6152A693AD5001CC1CA /* RealmSwift */ = {
			isa = XCSwiftPackageProductDependency;
			package = F09EE6122A693AD5001CC1CA /* XCRemoteSwiftPackageReference "realm-swift" */;
			productName = RealmSwift;
		};
/* End XCSwiftPackageProductDependency section */

/* Begin XCVersionGroup section */
		F031FE772A669F5100A5CD61 /* MarsCase.xcdatamodeld */ = {
			isa = XCVersionGroup;
			children = (
				F031FE782A669F5100A5CD61 /* MarsCase.xcdatamodel */,
			);
			currentVersion = F031FE782A669F5100A5CD61 /* MarsCase.xcdatamodel */;
			path = MarsCase.xcdatamodeld;
			sourceTree = "<group>";
			versionGroupType = wrapper.xcdatamodel;
		};
/* End XCVersionGroup section */
	};
	rootObject = F031FE612A669F5000A5CD61 /* Project object */;
}
