// !$*UTF8*$!
{
	archiveVersion = 1;
	classes = {
	};
	objectVersion = 56;
	objects = {

/* Begin PBXBuildFile section */
		F031FE6D2A669F5100A5CD61 /* MarsCaseApp.swift in Sources */ = {isa = PBXBuildFile; fileRef = F031FE6C2A669F5100A5CD61 /* MarsCaseApp.swift */; };
		F031FE6F2A669F5100A5CD61 /* ContentView.swift in Sources */ = {isa = PBXBuildFile; fileRef = F031FE6E2A669F5100A5CD61 /* ContentView.swift */; };
		F031FE712A669F5100A5CD61 /* Assets.xcassets in Resources */ = {isa = PBXBuildFile; fileRef = F031FE702A669F5100A5CD61 /* Assets.xcassets */; };
		F031FE742A669F5100A5CD61 /* Preview Assets.xcassets in Resources */ = {isa = PBXBuildFile; fileRef = F031FE732A669F5100A5CD61 /* Preview Assets.xcassets */; };
		F031FE762A669F5100A5CD61 /* Persistence.swift in Sources */ = {isa = PBXBuildFile; fileRef = F031FE752A669F5100A5CD61 /* Persistence.swift */; };
		F031FE792A669F5100A5CD61 /* MarsCase.xcdatamodeld in Sources */ = {isa = PBXBuildFile; fileRef = F031FE772A669F5100A5CD61 /* MarsCase.xcdatamodeld */; };
		F031FE862A66A06600A5CD61 /* MainView.swift in Sources */ = {isa = PBXBuildFile; fileRef = F031FE852A66A06600A5CD61 /* MainView.swift */; };
		F031FE882A66A0AC00A5CD61 /* PastView.swift in Sources */ = {isa = PBXBuildFile; fileRef = F031FE872A66A0AC00A5CD61 /* PastView.swift */; };
		F031FE8B2A66A0BC00A5CD61 /* TabBar.swift in Sources */ = {isa = PBXBuildFile; fileRef = F031FE8A2A66A0BC00A5CD61 /* TabBar.swift */; };
		F031FE8E2A66A3DC00A5CD61 /* CurrentAmountView.swift in Sources */ = {isa = PBXBuildFile; fileRef = F031FE8D2A66A3DC00A5CD61 /* CurrentAmountView.swift */; };
		F031FE902A66ABFF00A5CD61 /* CurrencyList.swift in Sources */ = {isa = PBXBuildFile; fileRef = F031FE8F2A66ABFF00A5CD61 /* CurrencyList.swift */; };
		F031FE932A66AC2500A5CD61 /* Currency.swift in Sources */ = {isa = PBXBuildFile; fileRef = F031FE922A66AC2500A5CD61 /* Currency.swift */; };
		F031FE992A66E37A00A5CD61 /* PopupView in Frameworks */ = {isa = PBXBuildFile; productRef = F031FE982A66E37A00A5CD61 /* PopupView */; };
		F031FE9B2A66E78D00A5CD61 /* PopupView.swift in Sources */ = {isa = PBXBuildFile; fileRef = F031FE9A2A66E78D00A5CD61 /* PopupView.swift */; };
/* End PBXBuildFile section */

/* Begin PBXFileReference section */
		F031FE692A669F5100A5CD61 /* MarsCase.app */ = {isa = PBXFileReference; explicitFileType = wrapper.application; includeInIndex = 0; path = MarsCase.app; sourceTree = BUILT_PRODUCTS_DIR; };
		F031FE6C2A669F5100A5CD61 /* MarsCaseApp.swift */ = {isa = PBXFileReference; lastKnownFileType = sourcecode.swift; path = MarsCaseApp.swift; sourceTree = "<group>"; };
		F031FE6E2A669F5100A5CD61 /* ContentView.swift */ = {isa = PBXFileReference; lastKnownFileType = sourcecode.swift; path = ContentView.swift; sourceTree = "<group>"; };
		F031FE702A669F5100A5CD61 /* Assets.xcassets */ = {isa = PBXFileReference; lastKnownFileType = folder.assetcatalog; path = Assets.xcassets; sourceTree = "<group>"; };
		F031FE732A669F5100A5CD61 /* Preview Assets.xcassets */ = {isa = PBXFileReference; lastKnownFileType = folder.assetcatalog; path = "Preview Assets.xcassets"; sourceTree = "<group>"; };
		F031FE752A669F5100A5CD61 /* Persistence.swift */ = {isa = PBXFileReference; lastKnownFileType = sourcecode.swift; path = Persistence.swift; sourceTree = "<group>"; };
		F031FE782A669F5100A5CD61 /* MarsCase.xcdatamodel */ = {isa = PBXFileReference; lastKnownFileType = wrapper.xcdatamodel; path = MarsCase.xcdatamodel; sourceTree = "<group>"; };
		F031FE7A2A669F5100A5CD61 /* Info.plist */ = {isa = PBXFileReference; lastKnownFileType = text.plist.xml; path = Info.plist; sourceTree = "<group>"; };
		F031FE852A66A06600A5CD61 /* MainView.swift */ = {isa = PBXFileReference; lastKnownFileType = sourcecode.swift; path = MainView.swift; sourceTree = "<group>"; };
		F031FE872A66A0AC00A5CD61 /* PastView.swift */ = {isa = PBXFileReference; lastKnownFileType = sourcecode.swift; path = PastView.swift; sourceTree = "<group>"; };
		F031FE8A2A66A0BC00A5CD61 /* TabBar.swift */ = {isa = PBXFileReference; lastKnownFileType = sourcecode.swift; path = TabBar.swift; sourceTree = "<group>"; };
		F031FE8D2A66A3DC00A5CD61 /* CurrentAmountView.swift */ = {isa = PBXFileReference; lastKnownFileType = sourcecode.swift; path = CurrentAmountView.swift; sourceTree = "<group>"; };
		F031FE8F2A66ABFF00A5CD61 /* CurrencyList.swift */ = {isa = PBXFileReference; lastKnownFileType = sourcecode.swift; path = CurrencyList.swift; sourceTree = "<group>"; };
		F031FE922A66AC2500A5CD61 /* Currency.swift */ = {isa = PBXFileReference; lastKnownFileType = sourcecode.swift; path = Currency.swift; sourceTree = "<group>"; };
		F031FE9A2A66E78D00A5CD61 /* PopupView.swift */ = {isa = PBXFileReference; lastKnownFileType = sourcecode.swift; path = PopupView.swift; sourceTree = "<group>"; };
/* End PBXFileReference section */

/* Begin PBXFrameworksBuildPhase section */
		F031FE662A669F5100A5CD61 /* Frameworks */ = {
			isa = PBXFrameworksBuildPhase;
			buildActionMask = 2147483647;
			files = (
				F031FE992A66E37A00A5CD61 /* PopupView in Frameworks */,
			);
			runOnlyForDeploymentPostprocessing = 0;
		};
/* End PBXFrameworksBuildPhase section */

/* Begin PBXGroup section */
		F031FE602A669F5000A5CD61 = {
			isa = PBXGroup;
			children = (
				F031FE6B2A669F5100A5CD61 /* MarsCase */,
				F031FE6A2A669F5100A5CD61 /* Products */,
			);
			sourceTree = "<group>";
		};
		F031FE6A2A669F5100A5CD61 /* Products */ = {
			isa = PBXGroup;
			children = (
				F031FE692A669F5100A5CD61 /* MarsCase.app */,
			);
			name = Products;
			sourceTree = "<group>";
		};
		F031FE6B2A669F5100A5CD61 /* MarsCase */ = {
			isa = PBXGroup;
			children = (
				F031FE942A66E07500A5CD61 /* Extension */,
				F031FE912A66AC1300A5CD61 /* Model */,
				F031FE8C2A66A3A800A5CD61 /* CustomViews */,
				F031FE812A669FAE00A5CD61 /* View */,
				F031FE6C2A669F5100A5CD61 /* MarsCaseApp.swift */,
				F031FE6E2A669F5100A5CD61 /* ContentView.swift */,
				F031FE702A669F5100A5CD61 /* Assets.xcassets */,
				F031FE752A669F5100A5CD61 /* Persistence.swift */,
				F031FE7A2A669F5100A5CD61 /* Info.plist */,
				F031FE772A669F5100A5CD61 /* MarsCase.xcdatamodeld */,
				F031FE722A669F5100A5CD61 /* Preview Content */,
			);
			path = MarsCase;
			sourceTree = "<group>";
		};
		F031FE722A669F5100A5CD61 /* Preview Content */ = {
			isa = PBXGroup;
			children = (
				F031FE732A669F5100A5CD61 /* Preview Assets.xcassets */,
			);
			path = "Preview Content";
			sourceTree = "<group>";
		};
		F031FE812A669FAE00A5CD61 /* View */ = {
			isa = PBXGroup;
			children = (
				F031FE852A66A06600A5CD61 /* MainView.swift */,
				F031FE872A66A0AC00A5CD61 /* PastView.swift */,
				F031FE8A2A66A0BC00A5CD61 /* TabBar.swift */,
				F031FE9A2A66E78D00A5CD61 /* PopupView.swift */,
			);
			path = View;
			sourceTree = "<group>";
		};
		F031FE8C2A66A3A800A5CD61 /* CustomViews */ = {
			isa = PBXGroup;
			children = (
				F031FE8D2A66A3DC00A5CD61 /* CurrentAmountView.swift */,
				F031FE8F2A66ABFF00A5CD61 /* CurrencyList.swift */,
			);
			path = CustomViews;
			sourceTree = "<group>";
		};
		F031FE912A66AC1300A5CD61 /* Model */ = {
			isa = PBXGroup;
			children = (
				F031FE922A66AC2500A5CD61 /* Currency.swift */,
			);
			path = Model;
			sourceTree = "<group>";
		};
		F031FE942A66E07500A5CD61 /* Extension */ = {
			isa = PBXGroup;
			children = (
			);
			path = Extension;
			sourceTree = "<group>";
		};
/* End PBXGroup section */

/* Begin PBXNativeTarget section */
		F031FE682A669F5100A5CD61 /* MarsCase */ = {
			isa = PBXNativeTarget;
			buildConfigurationList = F031FE7D2A669F5100A5CD61 /* Build configuration list for PBXNativeTarget "MarsCase" */;
			buildPhases = (
				F031FE652A669F5100A5CD61 /* Sources */,
				F031FE662A669F5100A5CD61 /* Frameworks */,
				F031FE672A669F5100A5CD61 /* Resources */,
			);
			buildRules = (
			);
			dependencies = (
			);
			name = MarsCase;
			packageProductDependencies = (
				F031FE982A66E37A00A5CD61 /* PopupView */,
			);
			productName = MarsCase;
			productReference = F031FE692A669F5100A5CD61 /* MarsCase.app */;
			productType = "com.apple.product-type.application";
		};
/* End PBXNativeTarget section */

/* Begin PBXProject section */
		F031FE612A669F5000A5CD61 /* Project object */ = {
			isa = PBXProject;
			attributes = {
				BuildIndependentTargetsInParallel = 1;
				LastSwiftUpdateCheck = 1420;
				LastUpgradeCheck = 1420;
				TargetAttributes = {
					F031FE682A669F5100A5CD61 = {
						CreatedOnToolsVersion = 14.2;
					};
				};
			};
			buildConfigurationList = F031FE642A669F5000A5CD61 /* Build configuration list for PBXProject "MarsCase" */;
			compatibilityVersion = "Xcode 14.0";
			developmentRegion = en;
			hasScannedForEncodings = 0;
			knownRegions = (
				en,
				Base,
			);
			mainGroup = F031FE602A669F5000A5CD61;
			packageReferences = (
				F031FE972A66E37A00A5CD61 /* XCRemoteSwiftPackageReference "PopupView" */,
			);
			productRefGroup = F031FE6A2A669F5100A5CD61 /* Products */;
			projectDirPath = "";
			projectRoot = "";
			targets = (
				F031FE682A669F5100A5CD61 /* MarsCase */,
			);
		};
/* End PBXProject section */

/* Begin PBXResourcesBuildPhase section */
		F031FE672A669F5100A5CD61 /* Resources */ = {
			isa = PBXResourcesBuildPhase;
			buildActionMask = 2147483647;
			files = (
				F031FE742A669F5100A5CD61 /* Preview Assets.xcassets in Resources */,
				F031FE712A669F5100A5CD61 /* Assets.xcassets in Resources */,
			);
			runOnlyForDeploymentPostprocessing = 0;
		};
/* End PBXResourcesBuildPhase section */

/* Begin PBXSourcesBuildPhase section */
		F031FE652A669F5100A5CD61 /* Sources */ = {
			isa = PBXSourcesBuildPhase;
			buildActionMask = 2147483647;
			files = (
				F031FE9B2A66E78D00A5CD61 /* PopupView.swift in Sources */,
				F031FE902A66ABFF00A5CD61 /* CurrencyList.swift in Sources */,
				F031FE792A669F5100A5CD61 /* MarsCase.xcdatamodeld in Sources */,
				F031FE762A669F5100A5CD61 /* Persistence.swift in Sources */,
				F031FE882A66A0AC00A5CD61 /* PastView.swift in Sources */,
				F031FE6F2A669F5100A5CD61 /* ContentView.swift in Sources */,
				F031FE8E2A66A3DC00A5CD61 /* CurrentAmountView.swift in Sources */,
				F031FE932A66AC2500A5CD61 /* Currency.swift in Sources */,
				F031FE862A66A06600A5CD61 /* MainView.swift in Sources */,
				F031FE6D2A669F5100A5CD61 /* MarsCaseApp.swift in Sources */,
				F031FE8B2A66A0BC00A5CD61 /* TabBar.swift in Sources */,
			);
			runOnlyForDeploymentPostprocessing = 0;
		};
/* End PBXSourcesBuildPhase section */

/* Begin XCBuildConfiguration section */
		F031FE7B2A669F5100A5CD61 /* Debug */ = {
			isa = XCBuildConfiguration;
			buildSettings = {
				ALWAYS_SEARCH_USER_PATHS = NO;
				CLANG_ANALYZER_NONNULL = YES;
				CLANG_ANALYZER_NUMBER_OBJECT_CONVERSION = YES_AGGRESSIVE;
				CLANG_CXX_LANGUAGE_STANDARD = "gnu++20";
				CLANG_ENABLE_MODULES = YES;
				CLANG_ENABLE_OBJC_ARC = YES;
				CLANG_ENABLE_OBJC_WEAK = YES;
				CLANG_WARN_BLOCK_CAPTURE_AUTORELEASING = YES;
				CLANG_WARN_BOOL_CONVERSION = YES;
				CLANG_WARN_COMMA = YES;
				CLANG_WARN_CONSTANT_CONVERSION = YES;
				CLANG_WARN_DEPRECATED_OBJC_IMPLEMENTATIONS = YES;
				CLANG_WARN_DIRECT_OBJC_ISA_USAGE = YES_ERROR;
				CLANG_WARN_DOCUMENTATION_COMMENTS = YES;
				CLANG_WARN_EMPTY_BODY = YES;
				CLANG_WARN_ENUM_CONVERSION = YES;
				CLANG_WARN_INFINITE_RECURSION = YES;
				CLANG_WARN_INT_CONVERSION = YES;
				CLANG_WARN_NON_LITERAL_NULL_CONVERSION = YES;
				CLANG_WARN_OBJC_IMPLICIT_RETAIN_SELF = YES;
				CLANG_WARN_OBJC_LITERAL_CONVERSION = YES;
				CLANG_WARN_OBJC_ROOT_CLASS = YES_ERROR;
				CLANG_WARN_QUOTED_INCLUDE_IN_FRAMEWORK_HEADER = YES;
				CLANG_WARN_RANGE_LOOP_ANALYSIS = YES;
				CLANG_WARN_STRICT_PROTOTYPES = YES;
				CLANG_WARN_SUSPICIOUS_MOVE = YES;
				CLANG_WARN_UNGUARDED_AVAILABILITY = YES_AGGRESSIVE;
				CLANG_WARN_UNREACHABLE_CODE = YES;
				CLANG_WARN__DUPLICATE_METHOD_MATCH = YES;
				COPY_PHASE_STRIP = NO;
				DEBUG_INFORMATION_FORMAT = dwarf;
				ENABLE_STRICT_OBJC_MSGSEND = YES;
				ENABLE_TESTABILITY = YES;
				GCC_C_LANGUAGE_STANDARD = gnu11;
				GCC_DYNAMIC_NO_PIC = NO;
				GCC_NO_COMMON_BLOCKS = YES;
				GCC_OPTIMIZATION_LEVEL = 0;
				GCC_PREPROCESSOR_DEFINITIONS = (
					"DEBUG=1",
					"$(inherited)",
				);
				GCC_WARN_64_TO_32_BIT_CONVERSION = YES;
				GCC_WARN_ABOUT_RETURN_TYPE = YES_ERROR;
				GCC_WARN_UNDECLARED_SELECTOR = YES;
				GCC_WARN_UNINITIALIZED_AUTOS = YES_AGGRESSIVE;
				GCC_WARN_UNUSED_FUNCTION = YES;
				GCC_WARN_UNUSED_VARIABLE = YES;
				IPHONEOS_DEPLOYMENT_TARGET = 16.2;
				MTL_ENABLE_DEBUG_INFO = INCLUDE_SOURCE;
				MTL_FAST_MATH = YES;
				ONLY_ACTIVE_ARCH = YES;
				SDKROOT = iphoneos;
				SWIFT_ACTIVE_COMPILATION_CONDITIONS = DEBUG;
				SWIFT_OPTIMIZATION_LEVEL = "-Onone";
			};
			name = Debug;
		};
		F031FE7C2A669F5100A5CD61 /* Release */ = {
			isa = XCBuildConfiguration;
			buildSettings = {
				ALWAYS_SEARCH_USER_PATHS = NO;
				CLANG_ANALYZER_NONNULL = YES;
				CLANG_ANALYZER_NUMBER_OBJECT_CONVERSION = YES_AGGRESSIVE;
				CLANG_CXX_LANGUAGE_STANDARD = "gnu++20";
				CLANG_ENABLE_MODULES = YES;
				CLANG_ENABLE_OBJC_ARC = YES;
				CLANG_ENABLE_OBJC_WEAK = YES;
				CLANG_WARN_BLOCK_CAPTURE_AUTORELEASING = YES;
				CLANG_WARN_BOOL_CONVERSION = YES;
				CLANG_WARN_COMMA = YES;
				CLANG_WARN_CONSTANT_CONVERSION = YES;
				CLANG_WARN_DEPRECATED_OBJC_IMPLEMENTATIONS = YES;
				CLANG_WARN_DIRECT_OBJC_ISA_USAGE = YES_ERROR;
				CLANG_WARN_DOCUMENTATION_COMMENTS = YES;
				CLANG_WARN_EMPTY_BODY = YES;
				CLANG_WARN_ENUM_CONVERSION = YES;
				CLANG_WARN_INFINITE_RECURSION = YES;
				CLANG_WARN_INT_CONVERSION = YES;
				CLANG_WARN_NON_LITERAL_NULL_CONVERSION = YES;
				CLANG_WARN_OBJC_IMPLICIT_RETAIN_SELF = YES;
				CLANG_WARN_OBJC_LITERAL_CONVERSION = YES;
				CLANG_WARN_OBJC_ROOT_CLASS = YES_ERROR;
				CLANG_WARN_QUOTED_INCLUDE_IN_FRAMEWORK_HEADER = YES;
				CLANG_WARN_RANGE_LOOP_ANALYSIS = YES;
				CLANG_WARN_STRICT_PROTOTYPES = YES;
				CLANG_WARN_SUSPICIOUS_MOVE = YES;
				CLANG_WARN_UNGUARDED_AVAILABILITY = YES_AGGRESSIVE;
				CLANG_WARN_UNREACHABLE_CODE = YES;
				CLANG_WARN__DUPLICATE_METHOD_MATCH = YES;
				COPY_PHASE_STRIP = NO;
				DEBUG_INFORMATION_FORMAT = "dwarf-with-dsym";
				ENABLE_NS_ASSERTIONS = NO;
				ENABLE_STRICT_OBJC_MSGSEND = YES;
				GCC_C_LANGUAGE_STANDARD = gnu11;
				GCC_NO_COMMON_BLOCKS = YES;
				GCC_WARN_64_TO_32_BIT_CONVERSION = YES;
				GCC_WARN_ABOUT_RETURN_TYPE = YES_ERROR;
				GCC_WARN_UNDECLARED_SELECTOR = YES;
				GCC_WARN_UNINITIALIZED_AUTOS = YES_AGGRESSIVE;
				GCC_WARN_UNUSED_FUNCTION = YES;
				GCC_WARN_UNUSED_VARIABLE = YES;
				IPHONEOS_DEPLOYMENT_TARGET = 16.2;
				MTL_ENABLE_DEBUG_INFO = NO;
				MTL_FAST_MATH = YES;
				SDKROOT = iphoneos;
				SWIFT_COMPILATION_MODE = wholemodule;
				SWIFT_OPTIMIZATION_LEVEL = "-O";
				VALIDATE_PRODUCT = YES;
			};
			name = Release;
		};
		F031FE7E2A669F5100A5CD61 /* Debug */ = {
			isa = XCBuildConfiguration;
			buildSettings = {
				ASSETCATALOG_COMPILER_APPICON_NAME = AppIcon;
				ASSETCATALOG_COMPILER_GLOBAL_ACCENT_COLOR_NAME = AccentColor;
				CODE_SIGN_STYLE = Automatic;
				CURRENT_PROJECT_VERSION = 1;
				DEVELOPMENT_ASSET_PATHS = "\"MarsCase/Preview Content\"";
				DEVELOPMENT_TEAM = 7FLPT7M2FL;
				ENABLE_PREVIEWS = YES;
				GENERATE_INFOPLIST_FILE = YES;
				INFOPLIST_KEY_UIApplicationSceneManifest_Generation = YES;
				INFOPLIST_KEY_UIApplicationSupportsIndirectInputEvents = YES;
				INFOPLIST_KEY_UILaunchScreen_Generation = YES;
				INFOPLIST_KEY_UISupportedInterfaceOrientations_iPad = "UIInterfaceOrientationPortrait UIInterfaceOrientationPortraitUpsideDown UIInterfaceOrientationLandscapeLeft UIInterfaceOrientationLandscapeRight";
				INFOPLIST_KEY_UISupportedInterfaceOrientations_iPhone = "UIInterfaceOrientationPortrait UIInterfaceOrientationLandscapeLeft UIInterfaceOrientationLandscapeRight";
				LD_RUNPATH_SEARCH_PATHS = (
					"$(inherited)",
					"@executable_path/Frameworks",
				);
				MARKETING_VERSION = 1.0;
				PRODUCT_BUNDLE_IDENTIFIER = mehmetbilir.MarsCase;
				PRODUCT_NAME = "$(TARGET_NAME)";
				SWIFT_EMIT_LOC_STRINGS = YES;
				SWIFT_VERSION = 5.0;
				TARGETED_DEVICE_FAMILY = "1,2";
			};
			name = Debug;
		};
		F031FE7F2A669F5100A5CD61 /* Release */ = {
			isa = XCBuildConfiguration;
			buildSettings = {
				ASSETCATALOG_COMPILER_APPICON_NAME = AppIcon;
				ASSETCATALOG_COMPILER_GLOBAL_ACCENT_COLOR_NAME = AccentColor;
				CODE_SIGN_STYLE = Automatic;
				CURRENT_PROJECT_VERSION = 1;
				DEVELOPMENT_ASSET_PATHS = "\"MarsCase/Preview Content\"";
				DEVELOPMENT_TEAM = 7FLPT7M2FL;
				ENABLE_PREVIEWS = YES;
				GENERATE_INFOPLIST_FILE = YES;
				INFOPLIST_KEY_UIApplicationSceneManifest_Generation = YES;
				INFOPLIST_KEY_UIApplicationSupportsIndirectInputEvents = YES;
				INFOPLIST_KEY_UILaunchScreen_Generation = YES;
				INFOPLIST_KEY_UISupportedInterfaceOrientations_iPad = "UIInterfaceOrientationPortrait UIInterfaceOrientationPortraitUpsideDown UIInterfaceOrientationLandscapeLeft UIInterfaceOrientationLandscapeRight";
				INFOPLIST_KEY_UISupportedInterfaceOrientations_iPhone = "UIInterfaceOrientationPortrait UIInterfaceOrientationLandscapeLeft UIInterfaceOrientationLandscapeRight";
				LD_RUNPATH_SEARCH_PATHS = (
					"$(inherited)",
					"@executable_path/Frameworks",
				);
				MARKETING_VERSION = 1.0;
				PRODUCT_BUNDLE_IDENTIFIER = mehmetbilir.MarsCase;
				PRODUCT_NAME = "$(TARGET_NAME)";
				SWIFT_EMIT_LOC_STRINGS = YES;
				SWIFT_VERSION = 5.0;
				TARGETED_DEVICE_FAMILY = "1,2";
			};
			name = Release;
		};
/* End XCBuildConfiguration section */

/* Begin XCConfigurationList section */
		F031FE642A669F5000A5CD61 /* Build configuration list for PBXProject "MarsCase" */ = {
			isa = XCConfigurationList;
			buildConfigurations = (
				F031FE7B2A669F5100A5CD61 /* Debug */,
				F031FE7C2A669F5100A5CD61 /* Release */,
			);
			defaultConfigurationIsVisible = 0;
			defaultConfigurationName = Release;
		};
		F031FE7D2A669F5100A5CD61 /* Build configuration list for PBXNativeTarget "MarsCase" */ = {
			isa = XCConfigurationList;
			buildConfigurations = (
				F031FE7E2A669F5100A5CD61 /* Debug */,
				F031FE7F2A669F5100A5CD61 /* Release */,
			);
			defaultConfigurationIsVisible = 0;
			defaultConfigurationName = Release;
		};
/* End XCConfigurationList section */

/* Begin XCRemoteSwiftPackageReference section */
		F031FE972A66E37A00A5CD61 /* XCRemoteSwiftPackageReference "PopupView" */ = {
			isa = XCRemoteSwiftPackageReference;
			repositoryURL = "https://github.com/exyte/PopupView.git";
			requirement = {
				kind = upToNextMajorVersion;
				minimumVersion = 2.0.0;
			};
		};
/* End XCRemoteSwiftPackageReference section */

/* Begin XCSwiftPackageProductDependency section */
		F031FE982A66E37A00A5CD61 /* PopupView */ = {
			isa = XCSwiftPackageProductDependency;
			package = F031FE972A66E37A00A5CD61 /* XCRemoteSwiftPackageReference "PopupView" */;
			productName = PopupView;
		};
/* End XCSwiftPackageProductDependency section */

/* Begin XCVersionGroup section */
		F031FE772A669F5100A5CD61 /* MarsCase.xcdatamodeld */ = {
			isa = XCVersionGroup;
			children = (
				F031FE782A669F5100A5CD61 /* MarsCase.xcdatamodel */,
			);
			currentVersion = F031FE782A669F5100A5CD61 /* MarsCase.xcdatamodel */;
			path = MarsCase.xcdatamodeld;
			sourceTree = "<group>";
			versionGroupType = wrapper.xcdatamodel;
		};
/* End XCVersionGroup section */
	};
	rootObject = F031FE612A669F5000A5CD61 /* Project object */;
}
